
Microsoft Visual Studio Solution File, Format Version 12.00
# Visual Studio Version 16
VisualStudioVersion = 16.0.29201.188
MinimumVisualStudioVersion = 10.0.40219.1
Project("{FAE04EC0-301F-11D3-BF4B-00C04F79EFBC}") = "ボットプログラム", "bot_program\ボットプログラム.csproj", "{B1F1E492-DDE2-4325-A2CF-75E4ADD8CA4D}"
EndProject
Global
	GlobalSection(SolutionConfigurationPlatforms) = preSolution
		Debug|Any CPU = Debug|Any CPU
		Release|Any CPU = Release|Any CPU
	EndGlobalSection
	GlobalSection(ProjectConfigurationPlatforms) = postSolution
		{B1F1E492-DDE2-4325-A2CF-75E4ADD8CA4D}.Debug|Any CPU.ActiveCfg = Debug|Any CPU
		{B1F1E492-DDE2-4325-A2CF-75E4ADD8CA4D}.Debug|Any CPU.Build.0 = Debug|Any CPU
		{B1F1E492-DDE2-4325-A2CF-75E4ADD8CA4D}.Release|Any CPU.ActiveCfg = Release|Any CPU
		{B1F1E492-DDE2-4325-A2CF-75E4ADD8CA4D}.Release|Any CPU.Build.0 = Release|Any CPU
	EndGlobalSection
	GlobalSection(SolutionProperties) = preSolution
		HideSolutionNode = FALSE
	EndGlobalSection
	GlobalSection(ExtensibilityGlobals) = postSolution
		SolutionGuid = {3D6C9640-9A23-411B-88C9-AB21DCB6A3C6}
	EndGlobalSection
EndGlobal
